
Microsoft Visual Studio Solution File, Format Version 12.00
# Visual Studio Version 17
VisualStudioVersion = 17.1.32328.378
MinimumVisualStudioVersion = 10.0.40219.1
Project("{FAE04EC0-301F-11D3-BF4B-00C04F79EFBC}") = "CV Maker with RDLC Report .Net Core MVC", "CV Maker with RDLC Report .Net Core MVC.csproj", "{BD5380FA-A4F0-4E46-97EF-5F47A65051BF}"
EndProject
Global
	GlobalSection(SolutionConfigurationPlatforms) = preSolution
		Debug|Any CPU = Debug|Any CPU
		Release|Any CPU = Release|Any CPU
	EndGlobalSection
	GlobalSection(ProjectConfigurationPlatforms) = postSolution
		{BD5380FA-A4F0-4E46-97EF-5F47A65051BF}.Debug|Any CPU.ActiveCfg = Debug|Any CPU
		{BD5380FA-A4F0-4E46-97EF-5F47A65051BF}.Debug|Any CPU.Build.0 = Debug|Any CPU
		{BD5380FA-A4F0-4E46-97EF-5F47A65051BF}.Release|Any CPU.ActiveCfg = Release|Any CPU
		{BD5380FA-A4F0-4E46-97EF-5F47A65051BF}.Release|Any CPU.Build.0 = Release|Any CPU
	EndGlobalSection
	GlobalSection(SolutionProperties) = preSolution
		HideSolutionNode = FALSE
	EndGlobalSection
	GlobalSection(ExtensibilityGlobals) = postSolution
		SolutionGuid = {86ECE547-D575-48F0-BAB5-5E54865F4593}
	EndGlobalSection
EndGlobal
